
Microsoft Visual Studio Solution File, Format Version 12.00
# Visual Studio Version 17
VisualStudioVersion = 17.5.002.0
MinimumVisualStudioVersion = 10.0.40219.1
Project("{9A19103F-16F7-4668-BE54-9A1E7A4F7556}") = "atividade_imc_mstest", "atividade_imc_mstest\atividade_imc_mstest.csproj", "{946D08B4-A937-41DB-9289-EEC545ECF9E4}"
EndProject
Global
	GlobalSection(SolutionConfigurationPlatforms) = preSolution
		Debug|Any CPU = Debug|Any CPU
		Release|Any CPU = Release|Any CPU
	EndGlobalSection
	GlobalSection(ProjectConfigurationPlatforms) = postSolution
		{946D08B4-A937-41DB-9289-EEC545ECF9E4}.Debug|Any CPU.ActiveCfg = Debug|Any CPU
		{946D08B4-A937-41DB-9289-EEC545ECF9E4}.Debug|Any CPU.Build.0 = Debug|Any CPU
		{946D08B4-A937-41DB-9289-EEC545ECF9E4}.Release|Any CPU.ActiveCfg = Release|Any CPU
		{946D08B4-A937-41DB-9289-EEC545ECF9E4}.Release|Any CPU.Build.0 = Release|Any CPU
	EndGlobalSection
	GlobalSection(SolutionProperties) = preSolution
		HideSolutionNode = FALSE
	EndGlobalSection
	GlobalSection(ExtensibilityGlobals) = postSolution
		SolutionGuid = {B976164F-D1F2-475C-B013-73438380D062}
	EndGlobalSection
EndGlobal
